
Microsoft Visual Studio Solution File, Format Version 12.00
# Visual Studio Version 17
VisualStudioVersion = 17.4.33122.133
MinimumVisualStudioVersion = 10.0.40219.1
Project("{FAE04EC0-301F-11D3-BF4B-00C04F79EFBC}") = "TerrariaServerPacketMonitor", "TerrariaServerPacketMonitor\TerrariaServerPacketMonitor.csproj", "{0DACA426-1A74-4F8D-8C0F-3EACF12B52E7}"
EndProject
Global
	GlobalSection(SolutionConfigurationPlatforms) = preSolution
		Debug|Any CPU = Debug|Any CPU
		Release|Any CPU = Release|Any CPU
	EndGlobalSection
	GlobalSection(ProjectConfigurationPlatforms) = postSolution
		{0DACA426-1A74-4F8D-8C0F-3EACF12B52E7}.Debug|Any CPU.ActiveCfg = Debug|Any CPU
		{0DACA426-1A74-4F8D-8C0F-3EACF12B52E7}.Debug|Any CPU.Build.0 = Debug|Any CPU
		{0DACA426-1A74-4F8D-8C0F-3EACF12B52E7}.Release|Any CPU.ActiveCfg = Release|Any CPU
		{0DACA426-1A74-4F8D-8C0F-3EACF12B52E7}.Release|Any CPU.Build.0 = Release|Any CPU
	EndGlobalSection
	GlobalSection(SolutionProperties) = preSolution
		HideSolutionNode = FALSE
	EndGlobalSection
	GlobalSection(ExtensibilityGlobals) = postSolution
		SolutionGuid = {8CBA67A8-7DA3-41CD-8650-78E6478B3248}
	EndGlobalSection
EndGlobal
